{
  "nodes": {
    "nixpkgs": {
      "locked": {
        "lastModified": 1712627719,
        "narHash": "sha256-y7cQp3g53qF01PoQiLLdn9r3C4R/nDkToEl2Fsksk2A=",
        "owner": "NixOS",
        "repo": "nixpkgs",
        "rev": "c42a5af24fad250bc3335c2ca896d49d4c825835",
        "type": "github"
      },
      "original": {
        "owner": "NixOS",
        "repo": "nixpkgs",
        "type": "github"
      }
    },
    "root": {
      "inputs": {
        "nixpkgs": "nixpkgs"
      }
    }
  },
  "root": "root",
  "version": 7
}
